{
  "name": "safepkt_cli",
  "version": "1.0.0",
  "lockfileVersion": 2,
  "requires": true,
  "packages": {
    "": {
      "name": "safepkt_cli",
      "version": "1.0.0",
      "license": "ISC",
      "dependencies": {
        "safepkt_cli": "^1.0.0"
      },
      "bin": {
        "safepkt_cli": "index.js"
      }
    },
    "node_modules/safepkt_cli": {
      "version": "1.0.0",
      "resolved": "https://registry.npmjs.org/safepkt_cli/-/safepkt_cli-1.0.0.tgz",
      "integrity": "sha512-yaa0E/iotS5lXVMzolnqktIeurC8TAMNBcrv1CVZ20GucpXFTMIa7yRZNMdddPycIR25VMuhhmnq3vGSbr+TTA==",
      "bin": {
        "safepkt_cli": "index.js"
      }
    }
  },
  "dependencies": {
    "safepkt_cli": {
      "version": "1.0.0",
      "resolved": "https://registry.npmjs.org/safepkt_cli/-/safepkt_cli-1.0.0.tgz",
      "integrity": "sha512-yaa0E/iotS5lXVMzolnqktIeurC8TAMNBcrv1CVZ20GucpXFTMIa7yRZNMdddPycIR25VMuhhmnq3vGSbr+TTA=="
    }
  }
}
